// !$*UTF8*$!
{
	archiveVersion = 1;
	classes = {
	};
	objectVersion = 55;
	objects = {

/* Begin PBXBuildFile section */
		372FBBC127DDC49700552FBF /* CurrentMonth.swift in Sources */ = {isa = PBXBuildFile; fileRef = 372FBBC027DDC49700552FBF /* CurrentMonth.swift */; };
		373D351127DC81700046DAD4 /* SignInView.swift in Sources */ = {isa = PBXBuildFile; fileRef = 373D351027DC81700046DAD4 /* SignInView.swift */; };
		373D351C27DC853E0046DAD4 /* ViewRouter.swift in Sources */ = {isa = PBXBuildFile; fileRef = 373D351B27DC853E0046DAD4 /* ViewRouter.swift */; };
		373D351E27DCFF790046DAD4 /* SignUpView.swift in Sources */ = {isa = PBXBuildFile; fileRef = 373D351D27DCFF790046DAD4 /* SignUpView.swift */; };
		373D352027DD01DB0046DAD4 /* IndexView.swift in Sources */ = {isa = PBXBuildFile; fileRef = 373D351F27DD01DB0046DAD4 /* IndexView.swift */; };
		373D352427DD0D850046DAD4 /* GoogleService-Info.plist in Resources */ = {isa = PBXBuildFile; fileRef = 373D352327DD0D850046DAD4 /* GoogleService-Info.plist */; };
		373D352627DD0DE20046DAD4 /* Budget.swift in Sources */ = {isa = PBXBuildFile; fileRef = 373D352527DD0DE20046DAD4 /* Budget.swift */; };
		373D352927DD56790046DAD4 /* EncodableExtensions.swift in Sources */ = {isa = PBXBuildFile; fileRef = 373D352827DD56790046DAD4 /* EncodableExtensions.swift */; };
		373D352B27DD63AB0046DAD4 /* DecodableExtensions.swift in Sources */ = {isa = PBXBuildFile; fileRef = 373D352A27DD63AB0046DAD4 /* DecodableExtensions.swift */; };
		373D352D27DD79620046DAD4 /* AddSubAccountView.swift in Sources */ = {isa = PBXBuildFile; fileRef = 373D352C27DD79620046DAD4 /* AddSubAccountView.swift */; };
		373D352F27DD7E810046DAD4 /* SubAccount.swift in Sources */ = {isa = PBXBuildFile; fileRef = 373D352E27DD7E810046DAD4 /* SubAccount.swift */; };
		373D353327DD9FCD0046DAD4 /* Transaction.swift in Sources */ = {isa = PBXBuildFile; fileRef = 373D353227DD9FCD0046DAD4 /* Transaction.swift */; };
		3787415827E6FE5D00AE5611 /* YearView.swift in Sources */ = {isa = PBXBuildFile; fileRef = 3787415727E6FE5D00AE5611 /* YearView.swift */; };
		3787415A27E7EC7000AE5611 /* FiscalMonth.swift in Sources */ = {isa = PBXBuildFile; fileRef = 3787415927E7EC7000AE5611 /* FiscalMonth.swift */; };
		378D1A3827C43F0700BCE00B /* MonthView.swift in Sources */ = {isa = PBXBuildFile; fileRef = 378D1A3727C43F0700BCE00B /* MonthView.swift */; };
		378D1A3E27C468AE00BCE00B /* SubAccountView.swift in Sources */ = {isa = PBXBuildFile; fileRef = 378D1A3D27C468AE00BCE00B /* SubAccountView.swift */; };
		378D1A4227C482C200BCE00B /* AddTransactionView.swift in Sources */ = {isa = PBXBuildFile; fileRef = 378D1A4127C482C200BCE00B /* AddTransactionView.swift */; };
		37AACAF227C18A6400F52F69 /* TreasuryApp.swift in Sources */ = {isa = PBXBuildFile; fileRef = 37AACAF127C18A6400F52F69 /* TreasuryApp.swift */; };
		37AACAF427C18A6400F52F69 /* HomeView.swift in Sources */ = {isa = PBXBuildFile; fileRef = 37AACAF327C18A6400F52F69 /* HomeView.swift */; };
		37AACAF627C18A6600F52F69 /* Assets.xcassets in Resources */ = {isa = PBXBuildFile; fileRef = 37AACAF527C18A6600F52F69 /* Assets.xcassets */; };
		37AACAF927C18A6600F52F69 /* Preview Assets.xcassets in Resources */ = {isa = PBXBuildFile; fileRef = 37AACAF827C18A6600F52F69 /* Preview Assets.xcassets */; };
		37C24C2727E956270059038C /* FirebaseAuth in Frameworks */ = {isa = PBXBuildFile; productRef = 37C24C2627E956270059038C /* FirebaseAuth */; };
		37C24C2927E956270059038C /* FirebaseDatabase in Frameworks */ = {isa = PBXBuildFile; productRef = 37C24C2827E956270059038C /* FirebaseDatabase */; };
		37C24C2B27E956270059038C /* FirebaseDatabaseSwift-Beta in Frameworks */ = {isa = PBXBuildFile; productRef = 37C24C2A27E956270059038C /* FirebaseDatabaseSwift-Beta */; };
		37C24C2D27E956270059038C /* FirebaseFirestore in Frameworks */ = {isa = PBXBuildFile; productRef = 37C24C2C27E956270059038C /* FirebaseFirestore */; };
		37C24C2F27E956270059038C /* FirebaseFirestoreSwift-Beta in Frameworks */ = {isa = PBXBuildFile; productRef = 37C24C2E27E956270059038C /* FirebaseFirestoreSwift-Beta */; };
		37C24C3127E956270059038C /* FirebaseFunctions in Frameworks */ = {isa = PBXBuildFile; productRef = 37C24C3027E956270059038C /* FirebaseFunctions */; };
		37C24C3327E956270059038C /* FirebaseFunctionsSwift-Beta in Frameworks */ = {isa = PBXBuildFile; productRef = 37C24C3227E956270059038C /* FirebaseFunctionsSwift-Beta */; };
		37C24C3527E956270059038C /* FirebaseStorage in Frameworks */ = {isa = PBXBuildFile; productRef = 37C24C3427E956270059038C /* FirebaseStorage */; };
		37C24C3727E956270059038C /* FirebaseStorageSwift-Beta in Frameworks */ = {isa = PBXBuildFile; productRef = 37C24C3627E956270059038C /* FirebaseStorageSwift-Beta */; };
/* End PBXBuildFile section */

/* Begin PBXFileReference section */
		372FBBC027DDC49700552FBF /* CurrentMonth.swift */ = {isa = PBXFileReference; lastKnownFileType = sourcecode.swift; path = CurrentMonth.swift; sourceTree = "<group>"; };
		373D350F27DC80720046DAD4 /* Treasury.entitlements */ = {isa = PBXFileReference; lastKnownFileType = text.plist.entitlements; path = Treasury.entitlements; sourceTree = "<group>"; };
		373D351027DC81700046DAD4 /* SignInView.swift */ = {isa = PBXFileReference; lastKnownFileType = sourcecode.swift; path = SignInView.swift; sourceTree = "<group>"; };
		373D351B27DC853E0046DAD4 /* ViewRouter.swift */ = {isa = PBXFileReference; lastKnownFileType = sourcecode.swift; path = ViewRouter.swift; sourceTree = "<group>"; };
		373D351D27DCFF790046DAD4 /* SignUpView.swift */ = {isa = PBXFileReference; lastKnownFileType = sourcecode.swift; path = SignUpView.swift; sourceTree = "<group>"; };
		373D351F27DD01DB0046DAD4 /* IndexView.swift */ = {isa = PBXFileReference; lastKnownFileType = sourcecode.swift; path = IndexView.swift; sourceTree = "<group>"; };
		373D352327DD0D850046DAD4 /* GoogleService-Info.plist */ = {isa = PBXFileReference; fileEncoding = 4; lastKnownFileType = text.plist.xml; name = "GoogleService-Info.plist"; path = "../../../Downloads/GoogleService-Info.plist"; sourceTree = "<group>"; };
		373D352527DD0DE20046DAD4 /* Budget.swift */ = {isa = PBXFileReference; lastKnownFileType = sourcecode.swift; path = Budget.swift; sourceTree = "<group>"; };
		373D352827DD56790046DAD4 /* EncodableExtensions.swift */ = {isa = PBXFileReference; lastKnownFileType = sourcecode.swift; path = EncodableExtensions.swift; sourceTree = "<group>"; };
		373D352A27DD63AB0046DAD4 /* DecodableExtensions.swift */ = {isa = PBXFileReference; lastKnownFileType = sourcecode.swift; path = DecodableExtensions.swift; sourceTree = "<group>"; };
		373D352C27DD79620046DAD4 /* AddSubAccountView.swift */ = {isa = PBXFileReference; lastKnownFileType = sourcecode.swift; path = AddSubAccountView.swift; sourceTree = "<group>"; };
		373D352E27DD7E810046DAD4 /* SubAccount.swift */ = {isa = PBXFileReference; lastKnownFileType = sourcecode.swift; path = SubAccount.swift; sourceTree = "<group>"; };
		373D353227DD9FCD0046DAD4 /* Transaction.swift */ = {isa = PBXFileReference; lastKnownFileType = sourcecode.swift; path = Transaction.swift; sourceTree = "<group>"; };
		3787415727E6FE5D00AE5611 /* YearView.swift */ = {isa = PBXFileReference; lastKnownFileType = sourcecode.swift; path = YearView.swift; sourceTree = "<group>"; };
		3787415927E7EC7000AE5611 /* FiscalMonth.swift */ = {isa = PBXFileReference; lastKnownFileType = sourcecode.swift; path = FiscalMonth.swift; sourceTree = "<group>"; };
		378D1A3727C43F0700BCE00B /* MonthView.swift */ = {isa = PBXFileReference; lastKnownFileType = sourcecode.swift; path = MonthView.swift; sourceTree = "<group>"; };
		378D1A3D27C468AE00BCE00B /* SubAccountView.swift */ = {isa = PBXFileReference; lastKnownFileType = sourcecode.swift; path = SubAccountView.swift; sourceTree = "<group>"; };
		378D1A4127C482C200BCE00B /* AddTransactionView.swift */ = {isa = PBXFileReference; lastKnownFileType = sourcecode.swift; path = AddTransactionView.swift; sourceTree = "<group>"; };
		37AACAEE27C18A6400F52F69 /* Treasury.app */ = {isa = PBXFileReference; explicitFileType = wrapper.application; includeInIndex = 0; path = Treasury.app; sourceTree = BUILT_PRODUCTS_DIR; };
		37AACAF127C18A6400F52F69 /* TreasuryApp.swift */ = {isa = PBXFileReference; lastKnownFileType = sourcecode.swift; path = TreasuryApp.swift; sourceTree = "<group>"; };
		37AACAF327C18A6400F52F69 /* HomeView.swift */ = {isa = PBXFileReference; lastKnownFileType = sourcecode.swift; path = HomeView.swift; sourceTree = "<group>"; };
		37AACAF527C18A6600F52F69 /* Assets.xcassets */ = {isa = PBXFileReference; lastKnownFileType = folder.assetcatalog; path = Assets.xcassets; sourceTree = "<group>"; };
		37AACAF827C18A6600F52F69 /* Preview Assets.xcassets */ = {isa = PBXFileReference; lastKnownFileType = folder.assetcatalog; path = "Preview Assets.xcassets"; sourceTree = "<group>"; };
/* End PBXFileReference section */

/* Begin PBXFrameworksBuildPhase section */
		37AACAEB27C18A6400F52F69 /* Frameworks */ = {
			isa = PBXFrameworksBuildPhase;
			buildActionMask = 2147483647;
			files = (
				37C24C2B27E956270059038C /* FirebaseDatabaseSwift-Beta in Frameworks */,
				37C24C2D27E956270059038C /* FirebaseFirestore in Frameworks */,
				37C24C2F27E956270059038C /* FirebaseFirestoreSwift-Beta in Frameworks */,
				37C24C3127E956270059038C /* FirebaseFunctions in Frameworks */,
				37C24C2927E956270059038C /* FirebaseDatabase in Frameworks */,
				37C24C3727E956270059038C /* FirebaseStorageSwift-Beta in Frameworks */,
				37C24C3527E956270059038C /* FirebaseStorage in Frameworks */,
				37C24C2727E956270059038C /* FirebaseAuth in Frameworks */,
				37C24C3327E956270059038C /* FirebaseFunctionsSwift-Beta in Frameworks */,
			);
			runOnlyForDeploymentPostprocessing = 0;
		};
/* End PBXFrameworksBuildPhase section */

/* Begin PBXGroup section */
		373D352727DD56690046DAD4 /* Extensions */ = {
			isa = PBXGroup;
			children = (
				373D352827DD56790046DAD4 /* EncodableExtensions.swift */,
				373D352A27DD63AB0046DAD4 /* DecodableExtensions.swift */,
			);
			path = Extensions;
			sourceTree = "<group>";
		};
		378D1A3F27C4826500BCE00B /* Models */ = {
			isa = PBXGroup;
			children = (
				373D352527DD0DE20046DAD4 /* Budget.swift */,
				373D352E27DD7E810046DAD4 /* SubAccount.swift */,
				373D353227DD9FCD0046DAD4 /* Transaction.swift */,
				3787415927E7EC7000AE5611 /* FiscalMonth.swift */,
			);
			path = Models;
			sourceTree = "<group>";
		};
		378D1A4027C4827700BCE00B /* Views */ = {
			isa = PBXGroup;
			children = (
				37AACAF327C18A6400F52F69 /* HomeView.swift */,
				378D1A3727C43F0700BCE00B /* MonthView.swift */,
				378D1A3D27C468AE00BCE00B /* SubAccountView.swift */,
				378D1A4127C482C200BCE00B /* AddTransactionView.swift */,
				373D351027DC81700046DAD4 /* SignInView.swift */,
				373D351D27DCFF790046DAD4 /* SignUpView.swift */,
				373D351F27DD01DB0046DAD4 /* IndexView.swift */,
				373D352C27DD79620046DAD4 /* AddSubAccountView.swift */,
				3787415727E6FE5D00AE5611 /* YearView.swift */,
			);
			path = Views;
			sourceTree = "<group>";
		};
		37AACAE527C18A6400F52F69 = {
			isa = PBXGroup;
			children = (
				37AACAF027C18A6400F52F69 /* Treasury */,
				37AACAEF27C18A6400F52F69 /* Products */,
			);
			sourceTree = "<group>";
		};
		37AACAEF27C18A6400F52F69 /* Products */ = {
			isa = PBXGroup;
			children = (
				37AACAEE27C18A6400F52F69 /* Treasury.app */,
			);
			name = Products;
			sourceTree = "<group>";
		};
		37AACAF027C18A6400F52F69 /* Treasury */ = {
			isa = PBXGroup;
			children = (
				373D352727DD56690046DAD4 /* Extensions */,
				373D352327DD0D850046DAD4 /* GoogleService-Info.plist */,
				373D350F27DC80720046DAD4 /* Treasury.entitlements */,
				378D1A4027C4827700BCE00B /* Views */,
				378D1A3F27C4826500BCE00B /* Models */,
				37AACAF127C18A6400F52F69 /* TreasuryApp.swift */,
				37AACAF527C18A6600F52F69 /* Assets.xcassets */,
				37AACAF727C18A6600F52F69 /* Preview Content */,
				373D351B27DC853E0046DAD4 /* ViewRouter.swift */,
				372FBBC027DDC49700552FBF /* CurrentMonth.swift */,
			);
			path = Treasury;
			sourceTree = "<group>";
		};
		37AACAF727C18A6600F52F69 /* Preview Content */ = {
			isa = PBXGroup;
			children = (
				37AACAF827C18A6600F52F69 /* Preview Assets.xcassets */,
			);
			path = "Preview Content";
			sourceTree = "<group>";
		};
/* End PBXGroup section */

/* Begin PBXNativeTarget section */
		37AACAED27C18A6400F52F69 /* Treasury */ = {
			isa = PBXNativeTarget;
			buildConfigurationList = 37AACAFC27C18A6600F52F69 /* Build configuration list for PBXNativeTarget "Treasury" */;
			buildPhases = (
				37AACAEA27C18A6400F52F69 /* Sources */,
				37AACAEB27C18A6400F52F69 /* Frameworks */,
				37AACAEC27C18A6400F52F69 /* Resources */,
			);
			buildRules = (
			);
			dependencies = (
			);
			name = Treasury;
			packageProductDependencies = (
				37C24C2627E956270059038C /* FirebaseAuth */,
				37C24C2827E956270059038C /* FirebaseDatabase */,
				37C24C2A27E956270059038C /* FirebaseDatabaseSwift-Beta */,
				37C24C2C27E956270059038C /* FirebaseFirestore */,
				37C24C2E27E956270059038C /* FirebaseFirestoreSwift-Beta */,
				37C24C3027E956270059038C /* FirebaseFunctions */,
				37C24C3227E956270059038C /* FirebaseFunctionsSwift-Beta */,
				37C24C3427E956270059038C /* FirebaseStorage */,
				37C24C3627E956270059038C /* FirebaseStorageSwift-Beta */,
			);
			productName = Treasury;
			productReference = 37AACAEE27C18A6400F52F69 /* Treasury.app */;
			productType = "com.apple.product-type.application";
		};
/* End PBXNativeTarget section */

/* Begin PBXProject section */
		37AACAE627C18A6400F52F69 /* Project object */ = {
			isa = PBXProject;
			attributes = {
				BuildIndependentTargetsInParallel = 1;
				LastSwiftUpdateCheck = 1320;
				LastUpgradeCheck = 1320;
				TargetAttributes = {
					37AACAED27C18A6400F52F69 = {
						CreatedOnToolsVersion = 13.2.1;
					};
				};
			};
			buildConfigurationList = 37AACAE927C18A6400F52F69 /* Build configuration list for PBXProject "Treasury" */;
			compatibilityVersion = "Xcode 13.0";
			developmentRegion = en;
			hasScannedForEncodings = 0;
			knownRegions = (
				en,
				Base,
			);
			mainGroup = 37AACAE527C18A6400F52F69;
			packageReferences = (
				37C24C2527E956270059038C /* XCRemoteSwiftPackageReference "firebase-ios-sdk" */,
			);
			productRefGroup = 37AACAEF27C18A6400F52F69 /* Products */;
			projectDirPath = "";
			projectRoot = "";
			targets = (
				37AACAED27C18A6400F52F69 /* Treasury */,
			);
		};
/* End PBXProject section */

/* Begin PBXResourcesBuildPhase section */
		37AACAEC27C18A6400F52F69 /* Resources */ = {
			isa = PBXResourcesBuildPhase;
			buildActionMask = 2147483647;
			files = (
				37AACAF927C18A6600F52F69 /* Preview Assets.xcassets in Resources */,
				373D352427DD0D850046DAD4 /* GoogleService-Info.plist in Resources */,
				37AACAF627C18A6600F52F69 /* Assets.xcassets in Resources */,
			);
			runOnlyForDeploymentPostprocessing = 0;
		};
/* End PBXResourcesBuildPhase section */

/* Begin PBXSourcesBuildPhase section */
		37AACAEA27C18A6400F52F69 /* Sources */ = {
			isa = PBXSourcesBuildPhase;
			buildActionMask = 2147483647;
			files = (
				373D352927DD56790046DAD4 /* EncodableExtensions.swift in Sources */,
				378D1A3E27C468AE00BCE00B /* SubAccountView.swift in Sources */,
				3787415A27E7EC7000AE5611 /* FiscalMonth.swift in Sources */,
				373D351C27DC853E0046DAD4 /* ViewRouter.swift in Sources */,
				373D352D27DD79620046DAD4 /* AddSubAccountView.swift in Sources */,
				372FBBC127DDC49700552FBF /* CurrentMonth.swift in Sources */,
				373D352B27DD63AB0046DAD4 /* DecodableExtensions.swift in Sources */,
				37AACAF427C18A6400F52F69 /* HomeView.swift in Sources */,
				373D352627DD0DE20046DAD4 /* Budget.swift in Sources */,
				373D352F27DD7E810046DAD4 /* SubAccount.swift in Sources */,
				373D353327DD9FCD0046DAD4 /* Transaction.swift in Sources */,
				373D352027DD01DB0046DAD4 /* IndexView.swift in Sources */,
				373D351E27DCFF790046DAD4 /* SignUpView.swift in Sources */,
				37AACAF227C18A6400F52F69 /* TreasuryApp.swift in Sources */,
				378D1A3827C43F0700BCE00B /* MonthView.swift in Sources */,
				373D351127DC81700046DAD4 /* SignInView.swift in Sources */,
				378D1A4227C482C200BCE00B /* AddTransactionView.swift in Sources */,
				3787415827E6FE5D00AE5611 /* YearView.swift in Sources */,
			);
			runOnlyForDeploymentPostprocessing = 0;
		};
/* End PBXSourcesBuildPhase section */

/* Begin XCBuildConfiguration section */
		37AACAFA27C18A6600F52F69 /* Debug */ = {
			isa = XCBuildConfiguration;
			buildSettings = {
				ALWAYS_SEARCH_USER_PATHS = NO;
				CLANG_ANALYZER_NONNULL = YES;
				CLANG_ANALYZER_NUMBER_OBJECT_CONVERSION = YES_AGGRESSIVE;
				CLANG_CXX_LANGUAGE_STANDARD = "gnu++17";
				CLANG_CXX_LIBRARY = "libc++";
				CLANG_ENABLE_MODULES = YES;
				CLANG_ENABLE_OBJC_ARC = YES;
				CLANG_ENABLE_OBJC_WEAK = YES;
				CLANG_WARN_BLOCK_CAPTURE_AUTORELEASING = YES;
				CLANG_WARN_BOOL_CONVERSION = YES;
				CLANG_WARN_COMMA = YES;
				CLANG_WARN_CONSTANT_CONVERSION = YES;
				CLANG_WARN_DEPRECATED_OBJC_IMPLEMENTATIONS = YES;
				CLANG_WARN_DIRECT_OBJC_ISA_USAGE = YES_ERROR;
				CLANG_WARN_DOCUMENTATION_COMMENTS = YES;
				CLANG_WARN_EMPTY_BODY = YES;
				CLANG_WARN_ENUM_CONVERSION = YES;
				CLANG_WARN_INFINITE_RECURSION = YES;
				CLANG_WARN_INT_CONVERSION = YES;
				CLANG_WARN_NON_LITERAL_NULL_CONVERSION = YES;
				CLANG_WARN_OBJC_IMPLICIT_RETAIN_SELF = YES;
				CLANG_WARN_OBJC_LITERAL_CONVERSION = YES;
				CLANG_WARN_OBJC_ROOT_CLASS = YES_ERROR;
				CLANG_WARN_QUOTED_INCLUDE_IN_FRAMEWORK_HEADER = YES;
				CLANG_WARN_RANGE_LOOP_ANALYSIS = YES;
				CLANG_WARN_STRICT_PROTOTYPES = YES;
				CLANG_WARN_SUSPICIOUS_MOVE = YES;
				CLANG_WARN_UNGUARDED_AVAILABILITY = YES_AGGRESSIVE;
				CLANG_WARN_UNREACHABLE_CODE = YES;
				CLANG_WARN__DUPLICATE_METHOD_MATCH = YES;
				COPY_PHASE_STRIP = NO;
				DEBUG_INFORMATION_FORMAT = dwarf;
				ENABLE_STRICT_OBJC_MSGSEND = YES;
				ENABLE_TESTABILITY = YES;
				GCC_C_LANGUAGE_STANDARD = gnu11;
				GCC_DYNAMIC_NO_PIC = NO;
				GCC_NO_COMMON_BLOCKS = YES;
				GCC_OPTIMIZATION_LEVEL = 0;
				GCC_PREPROCESSOR_DEFINITIONS = (
					"DEBUG=1",
					"$(inherited)",
				);
				GCC_WARN_64_TO_32_BIT_CONVERSION = YES;
				GCC_WARN_ABOUT_RETURN_TYPE = YES_ERROR;
				GCC_WARN_UNDECLARED_SELECTOR = YES;
				GCC_WARN_UNINITIALIZED_AUTOS = YES_AGGRESSIVE;
				GCC_WARN_UNUSED_FUNCTION = YES;
				GCC_WARN_UNUSED_VARIABLE = YES;
				IPHONEOS_DEPLOYMENT_TARGET = 15.2;
				MTL_ENABLE_DEBUG_INFO = INCLUDE_SOURCE;
				MTL_FAST_MATH = YES;
				ONLY_ACTIVE_ARCH = YES;
				SDKROOT = iphoneos;
				SWIFT_ACTIVE_COMPILATION_CONDITIONS = DEBUG;
				SWIFT_OPTIMIZATION_LEVEL = "-Onone";
			};
			name = Debug;
		};
		37AACAFB27C18A6600F52F69 /* Release */ = {
			isa = XCBuildConfiguration;
			buildSettings = {
				ALWAYS_SEARCH_USER_PATHS = NO;
				CLANG_ANALYZER_NONNULL = YES;
				CLANG_ANALYZER_NUMBER_OBJECT_CONVERSION = YES_AGGRESSIVE;
				CLANG_CXX_LANGUAGE_STANDARD = "gnu++17";
				CLANG_CXX_LIBRARY = "libc++";
				CLANG_ENABLE_MODULES = YES;
				CLANG_ENABLE_OBJC_ARC = YES;
				CLANG_ENABLE_OBJC_WEAK = YES;
				CLANG_WARN_BLOCK_CAPTURE_AUTORELEASING = YES;
				CLANG_WARN_BOOL_CONVERSION = YES;
				CLANG_WARN_COMMA = YES;
				CLANG_WARN_CONSTANT_CONVERSION = YES;
				CLANG_WARN_DEPRECATED_OBJC_IMPLEMENTATIONS = YES;
				CLANG_WARN_DIRECT_OBJC_ISA_USAGE = YES_ERROR;
				CLANG_WARN_DOCUMENTATION_COMMENTS = YES;
				CLANG_WARN_EMPTY_BODY = YES;
				CLANG_WARN_ENUM_CONVERSION = YES;
				CLANG_WARN_INFINITE_RECURSION = YES;
				CLANG_WARN_INT_CONVERSION = YES;
				CLANG_WARN_NON_LITERAL_NULL_CONVERSION = YES;
				CLANG_WARN_OBJC_IMPLICIT_RETAIN_SELF = YES;
				CLANG_WARN_OBJC_LITERAL_CONVERSION = YES;
				CLANG_WARN_OBJC_ROOT_CLASS = YES_ERROR;
				CLANG_WARN_QUOTED_INCLUDE_IN_FRAMEWORK_HEADER = YES;
				CLANG_WARN_RANGE_LOOP_ANALYSIS = YES;
				CLANG_WARN_STRICT_PROTOTYPES = YES;
				CLANG_WARN_SUSPICIOUS_MOVE = YES;
				CLANG_WARN_UNGUARDED_AVAILABILITY = YES_AGGRESSIVE;
				CLANG_WARN_UNREACHABLE_CODE = YES;
				CLANG_WARN__DUPLICATE_METHOD_MATCH = YES;
				COPY_PHASE_STRIP = NO;
				DEBUG_INFORMATION_FORMAT = "dwarf-with-dsym";
				ENABLE_NS_ASSERTIONS = NO;
				ENABLE_STRICT_OBJC_MSGSEND = YES;
				GCC_C_LANGUAGE_STANDARD = gnu11;
				GCC_NO_COMMON_BLOCKS = YES;
				GCC_WARN_64_TO_32_BIT_CONVERSION = YES;
				GCC_WARN_ABOUT_RETURN_TYPE = YES_ERROR;
				GCC_WARN_UNDECLARED_SELECTOR = YES;
				GCC_WARN_UNINITIALIZED_AUTOS = YES_AGGRESSIVE;
				GCC_WARN_UNUSED_FUNCTION = YES;
				GCC_WARN_UNUSED_VARIABLE = YES;
				IPHONEOS_DEPLOYMENT_TARGET = 15.2;
				MTL_ENABLE_DEBUG_INFO = NO;
				MTL_FAST_MATH = YES;
				SDKROOT = iphoneos;
				SWIFT_COMPILATION_MODE = wholemodule;
				SWIFT_OPTIMIZATION_LEVEL = "-O";
				VALIDATE_PRODUCT = YES;
			};
			name = Release;
		};
		37AACAFD27C18A6600F52F69 /* Debug */ = {
			isa = XCBuildConfiguration;
			buildSettings = {
				ASSETCATALOG_COMPILER_APPICON_NAME = AppIcon;
				ASSETCATALOG_COMPILER_GLOBAL_ACCENT_COLOR_NAME = AccentColor;
				CODE_SIGN_ENTITLEMENTS = Treasury/Treasury.entitlements;
				CODE_SIGN_STYLE = Automatic;
				CURRENT_PROJECT_VERSION = 1;
				DEVELOPMENT_ASSET_PATHS = "\"Treasury/Preview Content\"";
				DEVELOPMENT_TEAM = N9ZAQ2Q7Q6;
				ENABLE_PREVIEWS = YES;
				GENERATE_INFOPLIST_FILE = YES;
				INFOPLIST_KEY_UIApplicationSceneManifest_Generation = YES;
				INFOPLIST_KEY_UIApplicationSupportsIndirectInputEvents = YES;
				INFOPLIST_KEY_UILaunchScreen_Generation = YES;
				INFOPLIST_KEY_UISupportedInterfaceOrientations_iPad = "UIInterfaceOrientationPortrait UIInterfaceOrientationPortraitUpsideDown UIInterfaceOrientationLandscapeLeft UIInterfaceOrientationLandscapeRight";
				INFOPLIST_KEY_UISupportedInterfaceOrientations_iPhone = "UIInterfaceOrientationPortrait UIInterfaceOrientationLandscapeLeft UIInterfaceOrientationLandscapeRight";
				LD_RUNPATH_SEARCH_PATHS = (
					"$(inherited)",
					"@executable_path/Frameworks",
				);
				MARKETING_VERSION = 1.0;
				PRODUCT_BUNDLE_IDENTIFIER = com.splattitorium.Treasury;
				PRODUCT_NAME = "$(TARGET_NAME)";
				SWIFT_EMIT_LOC_STRINGS = YES;
				SWIFT_VERSION = 5.0;
				TARGETED_DEVICE_FAMILY = "1,2";
			};
			name = Debug;
		};
		37AACAFE27C18A6600F52F69 /* Release */ = {
			isa = XCBuildConfiguration;
			buildSettings = {
				ASSETCATALOG_COMPILER_APPICON_NAME = AppIcon;
				ASSETCATALOG_COMPILER_GLOBAL_ACCENT_COLOR_NAME = AccentColor;
				CODE_SIGN_ENTITLEMENTS = Treasury/Treasury.entitlements;
				CODE_SIGN_STYLE = Automatic;
				CURRENT_PROJECT_VERSION = 1;
				DEVELOPMENT_ASSET_PATHS = "\"Treasury/Preview Content\"";
				DEVELOPMENT_TEAM = N9ZAQ2Q7Q6;
				ENABLE_PREVIEWS = YES;
				GENERATE_INFOPLIST_FILE = YES;
				INFOPLIST_KEY_UIApplicationSceneManifest_Generation = YES;
				INFOPLIST_KEY_UIApplicationSupportsIndirectInputEvents = YES;
				INFOPLIST_KEY_UILaunchScreen_Generation = YES;
				INFOPLIST_KEY_UISupportedInterfaceOrientations_iPad = "UIInterfaceOrientationPortrait UIInterfaceOrientationPortraitUpsideDown UIInterfaceOrientationLandscapeLeft UIInterfaceOrientationLandscapeRight";
				INFOPLIST_KEY_UISupportedInterfaceOrientations_iPhone = "UIInterfaceOrientationPortrait UIInterfaceOrientationLandscapeLeft UIInterfaceOrientationLandscapeRight";
				LD_RUNPATH_SEARCH_PATHS = (
					"$(inherited)",
					"@executable_path/Frameworks",
				);
				MARKETING_VERSION = 1.0;
				PRODUCT_BUNDLE_IDENTIFIER = com.splattitorium.Treasury;
				PRODUCT_NAME = "$(TARGET_NAME)";
				SWIFT_EMIT_LOC_STRINGS = YES;
				SWIFT_VERSION = 5.0;
				TARGETED_DEVICE_FAMILY = "1,2";
			};
			name = Release;
		};
/* End XCBuildConfiguration section */

/* Begin XCConfigurationList section */
		37AACAE927C18A6400F52F69 /* Build configuration list for PBXProject "Treasury" */ = {
			isa = XCConfigurationList;
			buildConfigurations = (
				37AACAFA27C18A6600F52F69 /* Debug */,
				37AACAFB27C18A6600F52F69 /* Release */,
			);
			defaultConfigurationIsVisible = 0;
			defaultConfigurationName = Release;
		};
		37AACAFC27C18A6600F52F69 /* Build configuration list for PBXNativeTarget "Treasury" */ = {
			isa = XCConfigurationList;
			buildConfigurations = (
				37AACAFD27C18A6600F52F69 /* Debug */,
				37AACAFE27C18A6600F52F69 /* Release */,
			);
			defaultConfigurationIsVisible = 0;
			defaultConfigurationName = Release;
		};
/* End XCConfigurationList section */

/* Begin XCRemoteSwiftPackageReference section */
		37C24C2527E956270059038C /* XCRemoteSwiftPackageReference "firebase-ios-sdk" */ = {
			isa = XCRemoteSwiftPackageReference;
			repositoryURL = "https://github.com/firebase/firebase-ios-sdk";
			requirement = {
				branch = master;
				kind = branch;
			};
		};
/* End XCRemoteSwiftPackageReference section */

/* Begin XCSwiftPackageProductDependency section */
		37C24C2627E956270059038C /* FirebaseAuth */ = {
			isa = XCSwiftPackageProductDependency;
			package = 37C24C2527E956270059038C /* XCRemoteSwiftPackageReference "firebase-ios-sdk" */;
			productName = FirebaseAuth;
		};
		37C24C2827E956270059038C /* FirebaseDatabase */ = {
			isa = XCSwiftPackageProductDependency;
			package = 37C24C2527E956270059038C /* XCRemoteSwiftPackageReference "firebase-ios-sdk" */;
			productName = FirebaseDatabase;
		};
		37C24C2A27E956270059038C /* FirebaseDatabaseSwift-Beta */ = {
			isa = XCSwiftPackageProductDependency;
			package = 37C24C2527E956270059038C /* XCRemoteSwiftPackageReference "firebase-ios-sdk" */;
			productName = "FirebaseDatabaseSwift-Beta";
		};
		37C24C2C27E956270059038C /* FirebaseFirestore */ = {
			isa = XCSwiftPackageProductDependency;
			package = 37C24C2527E956270059038C /* XCRemoteSwiftPackageReference "firebase-ios-sdk" */;
			productName = FirebaseFirestore;
		};
		37C24C2E27E956270059038C /* FirebaseFirestoreSwift-Beta */ = {
			isa = XCSwiftPackageProductDependency;
			package = 37C24C2527E956270059038C /* XCRemoteSwiftPackageReference "firebase-ios-sdk" */;
			productName = "FirebaseFirestoreSwift-Beta";
		};
		37C24C3027E956270059038C /* FirebaseFunctions */ = {
			isa = XCSwiftPackageProductDependency;
			package = 37C24C2527E956270059038C /* XCRemoteSwiftPackageReference "firebase-ios-sdk" */;
			productName = FirebaseFunctions;
		};
		37C24C3227E956270059038C /* FirebaseFunctionsSwift-Beta */ = {
			isa = XCSwiftPackageProductDependency;
			package = 37C24C2527E956270059038C /* XCRemoteSwiftPackageReference "firebase-ios-sdk" */;
			productName = "FirebaseFunctionsSwift-Beta";
		};
		37C24C3427E956270059038C /* FirebaseStorage */ = {
			isa = XCSwiftPackageProductDependency;
			package = 37C24C2527E956270059038C /* XCRemoteSwiftPackageReference "firebase-ios-sdk" */;
			productName = FirebaseStorage;
		};
		37C24C3627E956270059038C /* FirebaseStorageSwift-Beta */ = {
			isa = XCSwiftPackageProductDependency;
			package = 37C24C2527E956270059038C /* XCRemoteSwiftPackageReference "firebase-ios-sdk" */;
			productName = "FirebaseStorageSwift-Beta";
		};
/* End XCSwiftPackageProductDependency section */
	};
	rootObject = 37AACAE627C18A6400F52F69 /* Project object */;
}
